// !$*UTF8*$!
{
	archiveVersion = 1;
	classes = {
	};
	objectVersion = 48;
	objects = {

/* Begin PBXBuildFile section */
		203413391F8059A000151F8C /* VirtualGameController.framework in Frameworks */ = {isa = PBXBuildFile; fileRef = 203413381F80599F00151F8C /* VirtualGameController.framework */; };
		2034133A1F8059AB00151F8C /* VirtualGameController.framework in Frameworks */ = {isa = PBXBuildFile; fileRef = 203413381F80599F00151F8C /* VirtualGameController.framework */; };
		2034133B1F8059AB00151F8C /* VirtualGameController.framework in Embed Frameworks */ = {isa = PBXBuildFile; fileRef = 203413381F80599F00151F8C /* VirtualGameController.framework */; settings = {ATTRIBUTES = (CodeSignOnCopy, RemoveHeadersOnCopy, ); }; };
		2034134B1F8059E800151F8C /* VgcCustomElements.swift in Sources */ = {isa = PBXBuildFile; fileRef = 203413491F8059E700151F8C /* VgcCustomElements.swift */; };
		2034134C1F8059E800151F8C /* VgcCustomMappings.swift in Sources */ = {isa = PBXBuildFile; fileRef = 2034134A1F8059E800151F8C /* VgcCustomMappings.swift */; };
		2034136E1F805CE100151F8C /* GameScene.sks in Resources */ = {isa = PBXBuildFile; fileRef = 2034136D1F805CE100151F8C /* GameScene.sks */; };
		20A7A2471F8059370009489B /* AppDelegate.swift in Sources */ = {isa = PBXBuildFile; fileRef = 20A7A2461F8059370009489B /* AppDelegate.swift */; };
		20A7A24B1F8059370009489B /* Actions.sks in Resources */ = {isa = PBXBuildFile; fileRef = 20A7A24A1F8059370009489B /* Actions.sks */; };
		20A7A24D1F8059370009489B /* GameScene.swift in Sources */ = {isa = PBXBuildFile; fileRef = 20A7A24C1F8059370009489B /* GameScene.swift */; };
		20A7A24F1F8059370009489B /* GameViewController.swift in Sources */ = {isa = PBXBuildFile; fileRef = 20A7A24E1F8059370009489B /* GameViewController.swift */; };
		20A7A2521F8059370009489B /* Main.storyboard in Resources */ = {isa = PBXBuildFile; fileRef = 20A7A2501F8059370009489B /* Main.storyboard */; };
		20A7A2541F8059370009489B /* Assets.xcassets in Resources */ = {isa = PBXBuildFile; fileRef = 20A7A2531F8059370009489B /* Assets.xcassets */; };
		20A7A2571F8059370009489B /* LaunchScreen.storyboard in Resources */ = {isa = PBXBuildFile; fileRef = 20A7A2551F8059370009489B /* LaunchScreen.storyboard */; };
/* End PBXBuildFile section */

/* Begin PBXCopyFilesBuildPhase section */
		2034133C1F8059AB00151F8C /* Embed Frameworks */ = {
			isa = PBXCopyFilesBuildPhase;
			buildActionMask = 2147483647;
			dstPath = "";
			dstSubfolderSpec = 10;
			files = (
				2034133B1F8059AB00151F8C /* VirtualGameController.framework in Embed Frameworks */,
			);
			name = "Embed Frameworks";
			runOnlyForDeploymentPostprocessing = 0;
		};
/* End PBXCopyFilesBuildPhase section */

/* Begin PBXFileReference section */
		203413381F80599F00151F8C /* VirtualGameController.framework */ = {isa = PBXFileReference; lastKnownFileType = wrapper.framework; path = VirtualGameController.framework; sourceTree = "<group>"; };
		203413491F8059E700151F8C /* VgcCustomElements.swift */ = {isa = PBXFileReference; fileEncoding = 4; lastKnownFileType = sourcecode.swift; path = VgcCustomElements.swift; sourceTree = "<group>"; };
		2034134A1F8059E800151F8C /* VgcCustomMappings.swift */ = {isa = PBXFileReference; fileEncoding = 4; lastKnownFileType = sourcecode.swift; path = VgcCustomMappings.swift; sourceTree = "<group>"; };
		2034136D1F805CE100151F8C /* GameScene.sks */ = {isa = PBXFileReference; lastKnownFileType = file.sks; path = GameScene.sks; sourceTree = "<group>"; };
		20A7A2431F8059370009489B /* Spritereousrce.app */ = {isa = PBXFileReference; explicitFileType = wrapper.application; includeInIndex = 0; path = Spritereousrce.app; sourceTree = BUILT_PRODUCTS_DIR; };
		20A7A2461F8059370009489B /* AppDelegate.swift */ = {isa = PBXFileReference; lastKnownFileType = sourcecode.swift; path = AppDelegate.swift; sourceTree = "<group>"; };
		20A7A24A1F8059370009489B /* Actions.sks */ = {isa = PBXFileReference; lastKnownFileType = file.sks; path = Actions.sks; sourceTree = "<group>"; };
		20A7A24C1F8059370009489B /* GameScene.swift */ = {isa = PBXFileReference; lastKnownFileType = sourcecode.swift; path = GameScene.swift; sourceTree = "<group>"; };
		20A7A24E1F8059370009489B /* GameViewController.swift */ = {isa = PBXFileReference; lastKnownFileType = sourcecode.swift; path = GameViewController.swift; sourceTree = "<group>"; };
		20A7A2511F8059370009489B /* Base */ = {isa = PBXFileReference; lastKnownFileType = file.storyboard; name = Base; path = Base.lproj/Main.storyboard; sourceTree = "<group>"; };
		20A7A2531F8059370009489B /* Assets.xcassets */ = {isa = PBXFileReference; lastKnownFileType = folder.assetcatalog; path = Assets.xcassets; sourceTree = "<group>"; };
		20A7A2561F8059370009489B /* Base */ = {isa = PBXFileReference; lastKnownFileType = file.storyboard; name = Base; path = Base.lproj/LaunchScreen.storyboard; sourceTree = "<group>"; };
		20A7A2581F8059370009489B /* Info.plist */ = {isa = PBXFileReference; lastKnownFileType = text.plist.xml; path = Info.plist; sourceTree = "<group>"; };
/* End PBXFileReference section */

/* Begin PBXFrameworksBuildPhase section */
		20A7A2401F8059370009489B /* Frameworks */ = {
			isa = PBXFrameworksBuildPhase;
			buildActionMask = 2147483647;
			files = (
				2034133A1F8059AB00151F8C /* VirtualGameController.framework in Frameworks */,
				203413391F8059A000151F8C /* VirtualGameController.framework in Frameworks */,
			);
			runOnlyForDeploymentPostprocessing = 0;
		};
/* End PBXFrameworksBuildPhase section */

/* Begin PBXGroup section */
		20A7A23A1F8059370009489B = {
			isa = PBXGroup;
			children = (
				20A7A2451F8059370009489B /* Spritereousrce */,
				20A7A2441F8059370009489B /* Products */,
			);
			sourceTree = "<group>";
		};
		20A7A2441F8059370009489B /* Products */ = {
			isa = PBXGroup;
			children = (
				20A7A2431F8059370009489B /* Spritereousrce.app */,
			);
			name = Products;
			sourceTree = "<group>";
		};
		20A7A2451F8059370009489B /* Spritereousrce */ = {
			isa = PBXGroup;
			children = (
				203413381F80599F00151F8C /* VirtualGameController.framework */,
				20A7A2461F8059370009489B /* AppDelegate.swift */,
				2034136D1F805CE100151F8C /* GameScene.sks */,
				203413491F8059E700151F8C /* VgcCustomElements.swift */,
				2034134A1F8059E800151F8C /* VgcCustomMappings.swift */,
				20A7A24A1F8059370009489B /* Actions.sks */,
				20A7A24C1F8059370009489B /* GameScene.swift */,
				20A7A24E1F8059370009489B /* GameViewController.swift */,
				20A7A2501F8059370009489B /* Main.storyboard */,
				20A7A2531F8059370009489B /* Assets.xcassets */,
				20A7A2551F8059370009489B /* LaunchScreen.storyboard */,
				20A7A2581F8059370009489B /* Info.plist */,
			);
			path = Spritereousrce;
			sourceTree = "<group>";
		};
/* End PBXGroup section */

/* Begin PBXNativeTarget section */
		20A7A2421F8059370009489B /* Spritereousrce */ = {
			isa = PBXNativeTarget;
			buildConfigurationList = 20A7A25B1F8059370009489B /* Build configuration list for PBXNativeTarget "Spritereousrce" */;
			buildPhases = (
				20A7A23F1F8059370009489B /* Sources */,
				20A7A2401F8059370009489B /* Frameworks */,
				20A7A2411F8059370009489B /* Resources */,
				2034133C1F8059AB00151F8C /* Embed Frameworks */,
			);
			buildRules = (
			);
			dependencies = (
			);
			name = Spritereousrce;
			productName = Spritereousrce;
			productReference = 20A7A2431F8059370009489B /* Spritereousrce.app */;
			productType = "com.apple.product-type.application";
		};
/* End PBXNativeTarget section */

/* Begin PBXProject section */
		20A7A23B1F8059370009489B /* Project object */ = {
			isa = PBXProject;
			attributes = {
				LastSwiftUpdateCheck = 0910;
				LastUpgradeCheck = 0910;
				ORGANIZATIONNAME = "Rob Reuss";
				TargetAttributes = {
					20A7A2421F8059370009489B = {
						CreatedOnToolsVersion = 9.1;
						ProvisioningStyle = Automatic;
					};
				};
			};
			buildConfigurationList = 20A7A23E1F8059370009489B /* Build configuration list for PBXProject "Spritereousrce" */;
			compatibilityVersion = "Xcode 8.0";
			developmentRegion = en;
			hasScannedForEncodings = 0;
			knownRegions = (
				en,
				Base,
			);
			mainGroup = 20A7A23A1F8059370009489B;
			productRefGroup = 20A7A2441F8059370009489B /* Products */;
			projectDirPath = "";
			projectRoot = "";
			targets = (
				20A7A2421F8059370009489B /* Spritereousrce */,
			);
		};
/* End PBXProject section */

/* Begin PBXResourcesBuildPhase section */
		20A7A2411F8059370009489B /* Resources */ = {
			isa = PBXResourcesBuildPhase;
			buildActionMask = 2147483647;
			files = (
				20A7A2521F8059370009489B /* Main.storyboard in Resources */,
				20A7A2541F8059370009489B /* Assets.xcassets in Resources */,
				20A7A2571F8059370009489B /* LaunchScreen.storyboard in Resources */,
				2034136E1F805CE100151F8C /* GameScene.sks in Resources */,
				20A7A24B1F8059370009489B /* Actions.sks in Resources */,
			);
			runOnlyForDeploymentPostprocessing = 0;
		};
/* End PBXResourcesBuildPhase section */

/* Begin PBXSourcesBuildPhase section */
		20A7A23F1F8059370009489B /* Sources */ = {
			isa = PBXSourcesBuildPhase;
			buildActionMask = 2147483647;
			files = (
				20A7A24D1F8059370009489B /* GameScene.swift in Sources */,
				20A7A24F1F8059370009489B /* GameViewController.swift in Sources */,
				2034134C1F8059E800151F8C /* VgcCustomMappings.swift in Sources */,
				2034134B1F8059E800151F8C /* VgcCustomElements.swift in Sources */,
				20A7A2471F8059370009489B /* AppDelegate.swift in Sources */,
			);
			runOnlyForDeploymentPostprocessing = 0;
		};
/* End PBXSourcesBuildPhase section */

/* Begin PBXVariantGroup section */
		20A7A2501F8059370009489B /* Main.storyboard */ = {
			isa = PBXVariantGroup;
			children = (
				20A7A2511F8059370009489B /* Base */,
			);
			name = Main.storyboard;
			sourceTree = "<group>";
		};
		20A7A2551F8059370009489B /* LaunchScreen.storyboard */ = {
			isa = PBXVariantGroup;
			children = (
				20A7A2561F8059370009489B /* Base */,
			);
			name = LaunchScreen.storyboard;
			sourceTree = "<group>";
		};
/* End PBXVariantGroup section */

/* Begin XCBuildConfiguration section */
		20A7A2591F8059370009489B /* Debug */ = {
			isa = XCBuildConfiguration;
			buildSettings = {
				ALWAYS_SEARCH_USER_PATHS = NO;
				CLANG_ANALYZER_NONNULL = YES;
				CLANG_ANALYZER_NUMBER_OBJECT_CONVERSION = YES_AGGRESSIVE;
				CLANG_CXX_LANGUAGE_STANDARD = "gnu++14";
				CLANG_CXX_LIBRARY = "libc++";
				CLANG_ENABLE_MODULES = YES;
				CLANG_ENABLE_OBJC_ARC = YES;
				CLANG_WARN_BLOCK_CAPTURE_AUTORELEASING = YES;
				CLANG_WARN_BOOL_CONVERSION = YES;
				CLANG_WARN_COMMA = YES;
				CLANG_WARN_CONSTANT_CONVERSION = YES;
				CLANG_WARN_DIRECT_OBJC_ISA_USAGE = YES_ERROR;
				CLANG_WARN_DOCUMENTATION_COMMENTS = YES;
				CLANG_WARN_EMPTY_BODY = YES;
				CLANG_WARN_ENUM_CONVERSION = YES;
				CLANG_WARN_INFINITE_RECURSION = YES;
				CLANG_WARN_INT_CONVERSION = YES;
				CLANG_WARN_NON_LITERAL_NULL_CONVERSION = YES;
				CLANG_WARN_OBJC_LITERAL_CONVERSION = YES;
				CLANG_WARN_OBJC_ROOT_CLASS = YES_ERROR;
				CLANG_WARN_RANGE_LOOP_ANALYSIS = YES;
				CLANG_WARN_STRICT_PROTOTYPES = YES;
				CLANG_WARN_SUSPICIOUS_MOVE = YES;
				CLANG_WARN_UNGUARDED_AVAILABILITY = YES_AGGRESSIVE;
				CLANG_WARN_UNREACHABLE_CODE = YES;
				CLANG_WARN__DUPLICATE_METHOD_MATCH = YES;
				CODE_SIGN_IDENTITY = "iPhone Developer";
				COPY_PHASE_STRIP = NO;
				DEBUG_INFORMATION_FORMAT = dwarf;
				ENABLE_STRICT_OBJC_MSGSEND = YES;
				ENABLE_TESTABILITY = YES;
				GCC_C_LANGUAGE_STANDARD = gnu11;
				GCC_DYNAMIC_NO_PIC = NO;
				GCC_NO_COMMON_BLOCKS = YES;
				GCC_OPTIMIZATION_LEVEL = 0;
				GCC_PREPROCESSOR_DEFINITIONS = (
					"DEBUG=1",
					"$(inherited)",
				);
				GCC_WARN_64_TO_32_BIT_CONVERSION = YES;
				GCC_WARN_ABOUT_RETURN_TYPE = YES_ERROR;
				GCC_WARN_UNDECLARED_SELECTOR = YES;
				GCC_WARN_UNINITIALIZED_AUTOS = YES_AGGRESSIVE;
				GCC_WARN_UNUSED_FUNCTION = YES;
				GCC_WARN_UNUSED_VARIABLE = YES;
				IPHONEOS_DEPLOYMENT_TARGET = 11.1;
				MTL_ENABLE_DEBUG_INFO = YES;
				ONLY_ACTIVE_ARCH = YES;
				SDKROOT = iphoneos;
				SWIFT_ACTIVE_COMPILATION_CONDITIONS = DEBUG;
				SWIFT_OPTIMIZATION_LEVEL = "-Onone";
			};
			name = Debug;
		};
		20A7A25A1F8059370009489B /* Release */ = {
			isa = XCBuildConfiguration;
			buildSettings = {
				ALWAYS_SEARCH_USER_PATHS = NO;
				CLANG_ANALYZER_NONNULL = YES;
				CLANG_ANALYZER_NUMBER_OBJECT_CONVERSION = YES_AGGRESSIVE;
				CLANG_CXX_LANGUAGE_STANDARD = "gnu++14";
				CLANG_CXX_LIBRARY = "libc++";
				CLANG_ENABLE_MODULES = YES;
				CLANG_ENABLE_OBJC_ARC = YES;
				CLANG_WARN_BLOCK_CAPTURE_AUTORELEASING = YES;
				CLANG_WARN_BOOL_CONVERSION = YES;
				CLANG_WARN_COMMA = YES;
				CLANG_WARN_CONSTANT_CONVERSION = YES;
				CLANG_WARN_DIRECT_OBJC_ISA_USAGE = YES_ERROR;
				CLANG_WARN_DOCUMENTATION_COMMENTS = YES;
				CLANG_WARN_EMPTY_BODY = YES;
				CLANG_WARN_ENUM_CONVERSION = YES;
				CLANG_WARN_INFINITE_RECURSION = YES;
				CLANG_WARN_INT_CONVERSION = YES;
				CLANG_WARN_NON_LITERAL_NULL_CONVERSION = YES;
				CLANG_WARN_OBJC_LITERAL_CONVERSION = YES;
				CLANG_WARN_OBJC_ROOT_CLASS = YES_ERROR;
				CLANG_WARN_RANGE_LOOP_ANALYSIS = YES;
				CLANG_WARN_STRICT_PROTOTYPES = YES;
				CLANG_WARN_SUSPICIOUS_MOVE = YES;
				CLANG_WARN_UNGUARDED_AVAILABILITY = YES_AGGRESSIVE;
				CLANG_WARN_UNREACHABLE_CODE = YES;
				CLANG_WARN__DUPLICATE_METHOD_MATCH = YES;
				CODE_SIGN_IDENTITY = "iPhone Developer";
				COPY_PHASE_STRIP = NO;
				DEBUG_INFORMATION_FORMAT = "dwarf-with-dsym";
				ENABLE_NS_ASSERTIONS = NO;
				ENABLE_STRICT_OBJC_MSGSEND = YES;
				GCC_C_LANGUAGE_STANDARD = gnu11;
				GCC_NO_COMMON_BLOCKS = YES;
				GCC_WARN_64_TO_32_BIT_CONVERSION = YES;
				GCC_WARN_ABOUT_RETURN_TYPE = YES_ERROR;
				GCC_WARN_UNDECLARED_SELECTOR = YES;
				GCC_WARN_UNINITIALIZED_AUTOS = YES_AGGRESSIVE;
				GCC_WARN_UNUSED_FUNCTION = YES;
				GCC_WARN_UNUSED_VARIABLE = YES;
				IPHONEOS_DEPLOYMENT_TARGET = 11.1;
				MTL_ENABLE_DEBUG_INFO = NO;
				SDKROOT = iphoneos;
				SWIFT_OPTIMIZATION_LEVEL = "-Owholemodule";
				VALIDATE_PRODUCT = YES;
			};
			name = Release;
		};
		20A7A25C1F8059370009489B /* Debug */ = {
			isa = XCBuildConfiguration;
			buildSettings = {
				ASSETCATALOG_COMPILER_APPICON_NAME = AppIcon;
				CODE_SIGN_STYLE = Automatic;
				DEVELOPMENT_TEAM = CN7G7TCUME;
				FRAMEWORK_SEARCH_PATHS = (
					"$(inherited)",
					"$(PROJECT_DIR)/Spritereousrce",
				);
				INFOPLIST_FILE = Spritereousrce/Info.plist;
				LD_RUNPATH_SEARCH_PATHS = "$(inherited) @executable_path/Frameworks";
				PRODUCT_BUNDLE_IDENTIFIER = net.simplyformed.Spritereousrce;
				PRODUCT_NAME = "$(TARGET_NAME)";
				SWIFT_VERSION = 4.0;
				TARGETED_DEVICE_FAMILY = "1,2";
			};
			name = Debug;
		};
		20A7A25D1F8059370009489B /* Release */ = {
			isa = XCBuildConfiguration;
			buildSettings = {
				ASSETCATALOG_COMPILER_APPICON_NAME = AppIcon;
				CODE_SIGN_STYLE = Automatic;
				DEVELOPMENT_TEAM = CN7G7TCUME;
				FRAMEWORK_SEARCH_PATHS = (
					"$(inherited)",
					"$(PROJECT_DIR)/Spritereousrce",
				);
				INFOPLIST_FILE = Spritereousrce/Info.plist;
				LD_RUNPATH_SEARCH_PATHS = "$(inherited) @executable_path/Frameworks";
				PRODUCT_BUNDLE_IDENTIFIER = net.simplyformed.Spritereousrce;
				PRODUCT_NAME = "$(TARGET_NAME)";
				SWIFT_VERSION = 4.0;
				TARGETED_DEVICE_FAMILY = "1,2";
			};
			name = Release;
		};
/* End XCBuildConfiguration section */

/* Begin XCConfigurationList section */
		20A7A23E1F8059370009489B /* Build configuration list for PBXProject "Spritereousrce" */ = {
			isa = XCConfigurationList;
			buildConfigurations = (
				20A7A2591F8059370009489B /* Debug */,
				20A7A25A1F8059370009489B /* Release */,
			);
			defaultConfigurationIsVisible = 0;
			defaultConfigurationName = Release;
		};
		20A7A25B1F8059370009489B /* Build configuration list for PBXNativeTarget "Spritereousrce" */ = {
			isa = XCConfigurationList;
			buildConfigurations = (
				20A7A25C1F8059370009489B /* Debug */,
				20A7A25D1F8059370009489B /* Release */,
			);
			defaultConfigurationIsVisible = 0;
			defaultConfigurationName = Release;
		};
/* End XCConfigurationList section */
	};
	rootObject = 20A7A23B1F8059370009489B /* Project object */;
}
