// !$*UTF8*$!
{
	archiveVersion = 1;
	classes = {
	};
	objectVersion = 48;
	objects = {

/* Begin PBXBuildFile section */
		204E16D01F7F32C900618AC3 /* VirtualGameController.framework in Frameworks */ = {isa = PBXBuildFile; fileRef = 204E16CF1F7F32C900618AC3 /* VirtualGameController.framework */; };
		204E16D11F7F32C900618AC3 /* VirtualGameController.framework in Embed Frameworks */ = {isa = PBXBuildFile; fileRef = 204E16CF1F7F32C900618AC3 /* VirtualGameController.framework */; settings = {ATTRIBUTES = (CodeSignOnCopy, RemoveHeadersOnCopy, ); }; };
		204E16D51F7F333000618AC3 /* VgcCustomElements.swift in Sources */ = {isa = PBXBuildFile; fileRef = 204E16D31F7F333000618AC3 /* VgcCustomElements.swift */; };
		204E16D61F7F333000618AC3 /* VgcCustomMappings.swift in Sources */ = {isa = PBXBuildFile; fileRef = 204E16D41F7F333000618AC3 /* VgcCustomMappings.swift */; };
		204E16D81F7F4BB500618AC3 /* VgcSharedViews.swift in Sources */ = {isa = PBXBuildFile; fileRef = 204E16D71F7F4BB500618AC3 /* VgcSharedViews.swift */; };
		208CCA7B1F7F322400DD82AB /* AppDelegate.swift in Sources */ = {isa = PBXBuildFile; fileRef = 208CCA7A1F7F322400DD82AB /* AppDelegate.swift */; };
		208CCA7D1F7F322400DD82AB /* art.scnassets in Resources */ = {isa = PBXBuildFile; fileRef = 208CCA7C1F7F322400DD82AB /* art.scnassets */; };
		208CCA7F1F7F322400DD82AB /* ViewController.swift in Sources */ = {isa = PBXBuildFile; fileRef = 208CCA7E1F7F322400DD82AB /* ViewController.swift */; };
		208CCA821F7F322400DD82AB /* Main.storyboard in Resources */ = {isa = PBXBuildFile; fileRef = 208CCA801F7F322400DD82AB /* Main.storyboard */; };
		208CCA841F7F322400DD82AB /* Assets.xcassets in Resources */ = {isa = PBXBuildFile; fileRef = 208CCA831F7F322400DD82AB /* Assets.xcassets */; };
		208CCA871F7F322400DD82AB /* LaunchScreen.storyboard in Resources */ = {isa = PBXBuildFile; fileRef = 208CCA851F7F322400DD82AB /* LaunchScreen.storyboard */; };
/* End PBXBuildFile section */

/* Begin PBXCopyFilesBuildPhase section */
		204E16D21F7F32C900618AC3 /* Embed Frameworks */ = {
			isa = PBXCopyFilesBuildPhase;
			buildActionMask = 2147483647;
			dstPath = "";
			dstSubfolderSpec = 10;
			files = (
				204E16D11F7F32C900618AC3 /* VirtualGameController.framework in Embed Frameworks */,
			);
			name = "Embed Frameworks";
			runOnlyForDeploymentPostprocessing = 0;
		};
/* End PBXCopyFilesBuildPhase section */

/* Begin PBXFileReference section */
		204E16CF1F7F32C900618AC3 /* VirtualGameController.framework */ = {isa = PBXFileReference; explicitFileType = wrapper.framework; path = VirtualGameController.framework; sourceTree = BUILT_PRODUCTS_DIR; };
		204E16D31F7F333000618AC3 /* VgcCustomElements.swift */ = {isa = PBXFileReference; lastKnownFileType = sourcecode.swift; name = VgcCustomElements.swift; path = ../../../Source/External/VgcCustomElements.swift; sourceTree = "<group>"; };
		204E16D41F7F333000618AC3 /* VgcCustomMappings.swift */ = {isa = PBXFileReference; lastKnownFileType = sourcecode.swift; name = VgcCustomMappings.swift; path = ../../../Source/External/VgcCustomMappings.swift; sourceTree = "<group>"; };
		204E16D71F7F4BB500618AC3 /* VgcSharedViews.swift */ = {isa = PBXFileReference; lastKnownFileType = sourcecode.swift; name = VgcSharedViews.swift; path = ../../../Source/External/VgcSharedViews.swift; sourceTree = "<group>"; };
		208CCA771F7F322400DD82AB /* ARKit_Ship_Demo.app */ = {isa = PBXFileReference; explicitFileType = wrapper.application; includeInIndex = 0; path = ARKit_Ship_Demo.app; sourceTree = BUILT_PRODUCTS_DIR; };
		208CCA7A1F7F322400DD82AB /* AppDelegate.swift */ = {isa = PBXFileReference; lastKnownFileType = sourcecode.swift; path = AppDelegate.swift; sourceTree = "<group>"; };
		208CCA7C1F7F322400DD82AB /* art.scnassets */ = {isa = PBXFileReference; lastKnownFileType = wrapper.scnassets; path = art.scnassets; sourceTree = "<group>"; };
		208CCA7E1F7F322400DD82AB /* ViewController.swift */ = {isa = PBXFileReference; lastKnownFileType = sourcecode.swift; path = ViewController.swift; sourceTree = "<group>"; };
		208CCA811F7F322400DD82AB /* Base */ = {isa = PBXFileReference; lastKnownFileType = file.storyboard; name = Base; path = Base.lproj/Main.storyboard; sourceTree = "<group>"; };
		208CCA831F7F322400DD82AB /* Assets.xcassets */ = {isa = PBXFileReference; lastKnownFileType = folder.assetcatalog; path = Assets.xcassets; sourceTree = "<group>"; };
		208CCA861F7F322400DD82AB /* Base */ = {isa = PBXFileReference; lastKnownFileType = file.storyboard; name = Base; path = Base.lproj/LaunchScreen.storyboard; sourceTree = "<group>"; };
		208CCA881F7F322400DD82AB /* Info.plist */ = {isa = PBXFileReference; lastKnownFileType = text.plist.xml; path = Info.plist; sourceTree = "<group>"; };
/* End PBXFileReference section */

/* Begin PBXFrameworksBuildPhase section */
		208CCA741F7F322400DD82AB /* Frameworks */ = {
			isa = PBXFrameworksBuildPhase;
			buildActionMask = 2147483647;
			files = (
				204E16D01F7F32C900618AC3 /* VirtualGameController.framework in Frameworks */,
			);
			runOnlyForDeploymentPostprocessing = 0;
		};
/* End PBXFrameworksBuildPhase section */

/* Begin PBXGroup section */
		208CCA6E1F7F322400DD82AB = {
			isa = PBXGroup;
			children = (
				204E16CF1F7F32C900618AC3 /* VirtualGameController.framework */,
				208CCA791F7F322400DD82AB /* ARKit_Ship_Demo */,
				208CCA781F7F322400DD82AB /* Products */,
			);
			sourceTree = "<group>";
		};
		208CCA781F7F322400DD82AB /* Products */ = {
			isa = PBXGroup;
			children = (
				208CCA771F7F322400DD82AB /* ARKit_Ship_Demo.app */,
			);
			name = Products;
			sourceTree = "<group>";
		};
		208CCA791F7F322400DD82AB /* ARKit_Ship_Demo */ = {
			isa = PBXGroup;
			children = (
				204E16D31F7F333000618AC3 /* VgcCustomElements.swift */,
				204E16D41F7F333000618AC3 /* VgcCustomMappings.swift */,
				204E16D71F7F4BB500618AC3 /* VgcSharedViews.swift */,
				208CCA7A1F7F322400DD82AB /* AppDelegate.swift */,
				208CCA7C1F7F322400DD82AB /* art.scnassets */,
				208CCA7E1F7F322400DD82AB /* ViewController.swift */,
				208CCA801F7F322400DD82AB /* Main.storyboard */,
				208CCA831F7F322400DD82AB /* Assets.xcassets */,
				208CCA851F7F322400DD82AB /* LaunchScreen.storyboard */,
				208CCA881F7F322400DD82AB /* Info.plist */,
			);
			path = ARKit_Ship_Demo;
			sourceTree = "<group>";
		};
/* End PBXGroup section */

/* Begin PBXNativeTarget section */
		208CCA761F7F322400DD82AB /* ARKit_Ship_Demo */ = {
			isa = PBXNativeTarget;
			buildConfigurationList = 208CCA8B1F7F322400DD82AB /* Build configuration list for PBXNativeTarget "ARKit_Ship_Demo" */;
			buildPhases = (
				208CCA731F7F322400DD82AB /* Sources */,
				208CCA741F7F322400DD82AB /* Frameworks */,
				208CCA751F7F322400DD82AB /* Resources */,
				204E16D21F7F32C900618AC3 /* Embed Frameworks */,
			);
			buildRules = (
			);
			dependencies = (
			);
			name = ARKit_Ship_Demo;
			productName = ARKit_Ship_Demo;
			productReference = 208CCA771F7F322400DD82AB /* ARKit_Ship_Demo.app */;
			productType = "com.apple.product-type.application";
		};
/* End PBXNativeTarget section */

/* Begin PBXProject section */
		208CCA6F1F7F322400DD82AB /* Project object */ = {
			isa = PBXProject;
			attributes = {
				LastSwiftUpdateCheck = 0900;
				LastUpgradeCheck = 0900;
				ORGANIZATIONNAME = "Rob Reuss";
				TargetAttributes = {
					208CCA761F7F322400DD82AB = {
						CreatedOnToolsVersion = 9.0;
						ProvisioningStyle = Automatic;
					};
				};
			};
			buildConfigurationList = 208CCA721F7F322400DD82AB /* Build configuration list for PBXProject "ARKit_Ship_Demo" */;
			compatibilityVersion = "Xcode 8.0";
			developmentRegion = en;
			hasScannedForEncodings = 0;
			knownRegions = (
				en,
				Base,
			);
			mainGroup = 208CCA6E1F7F322400DD82AB;
			productRefGroup = 208CCA781F7F322400DD82AB /* Products */;
			projectDirPath = "";
			projectRoot = "";
			targets = (
				208CCA761F7F322400DD82AB /* ARKit_Ship_Demo */,
			);
		};
/* End PBXProject section */

/* Begin PBXResourcesBuildPhase section */
		208CCA751F7F322400DD82AB /* Resources */ = {
			isa = PBXResourcesBuildPhase;
			buildActionMask = 2147483647;
			files = (
				208CCA7D1F7F322400DD82AB /* art.scnassets in Resources */,
				208CCA871F7F322400DD82AB /* LaunchScreen.storyboard in Resources */,
				208CCA841F7F322400DD82AB /* Assets.xcassets in Resources */,
				208CCA821F7F322400DD82AB /* Main.storyboard in Resources */,
			);
			runOnlyForDeploymentPostprocessing = 0;
		};
/* End PBXResourcesBuildPhase section */

/* Begin PBXSourcesBuildPhase section */
		208CCA731F7F322400DD82AB /* Sources */ = {
			isa = PBXSourcesBuildPhase;
			buildActionMask = 2147483647;
			files = (
				204E16D61F7F333000618AC3 /* VgcCustomMappings.swift in Sources */,
				204E16D81F7F4BB500618AC3 /* VgcSharedViews.swift in Sources */,
				208CCA7F1F7F322400DD82AB /* ViewController.swift in Sources */,
				208CCA7B1F7F322400DD82AB /* AppDelegate.swift in Sources */,
				204E16D51F7F333000618AC3 /* VgcCustomElements.swift in Sources */,
			);
			runOnlyForDeploymentPostprocessing = 0;
		};
/* End PBXSourcesBuildPhase section */

/* Begin PBXVariantGroup section */
		208CCA801F7F322400DD82AB /* Main.storyboard */ = {
			isa = PBXVariantGroup;
			children = (
				208CCA811F7F322400DD82AB /* Base */,
			);
			name = Main.storyboard;
			sourceTree = "<group>";
		};
		208CCA851F7F322400DD82AB /* LaunchScreen.storyboard */ = {
			isa = PBXVariantGroup;
			children = (
				208CCA861F7F322400DD82AB /* Base */,
			);
			name = LaunchScreen.storyboard;
			sourceTree = "<group>";
		};
/* End PBXVariantGroup section */

/* Begin XCBuildConfiguration section */
		208CCA891F7F322400DD82AB /* Debug */ = {
			isa = XCBuildConfiguration;
			buildSettings = {
				ALWAYS_SEARCH_USER_PATHS = NO;
				CLANG_ANALYZER_NONNULL = YES;
				CLANG_ANALYZER_NUMBER_OBJECT_CONVERSION = YES_AGGRESSIVE;
				CLANG_CXX_LANGUAGE_STANDARD = "gnu++14";
				CLANG_CXX_LIBRARY = "libc++";
				CLANG_ENABLE_MODULES = YES;
				CLANG_ENABLE_OBJC_ARC = YES;
				CLANG_WARN_BLOCK_CAPTURE_AUTORELEASING = YES;
				CLANG_WARN_BOOL_CONVERSION = YES;
				CLANG_WARN_COMMA = YES;
				CLANG_WARN_CONSTANT_CONVERSION = YES;
				CLANG_WARN_DIRECT_OBJC_ISA_USAGE = YES_ERROR;
				CLANG_WARN_DOCUMENTATION_COMMENTS = YES;
				CLANG_WARN_EMPTY_BODY = YES;
				CLANG_WARN_ENUM_CONVERSION = YES;
				CLANG_WARN_INFINITE_RECURSION = YES;
				CLANG_WARN_INT_CONVERSION = YES;
				CLANG_WARN_NON_LITERAL_NULL_CONVERSION = YES;
				CLANG_WARN_OBJC_LITERAL_CONVERSION = YES;
				CLANG_WARN_OBJC_ROOT_CLASS = YES_ERROR;
				CLANG_WARN_RANGE_LOOP_ANALYSIS = YES;
				CLANG_WARN_STRICT_PROTOTYPES = YES;
				CLANG_WARN_SUSPICIOUS_MOVE = YES;
				CLANG_WARN_UNGUARDED_AVAILABILITY = YES_AGGRESSIVE;
				CLANG_WARN_UNREACHABLE_CODE = YES;
				CLANG_WARN__DUPLICATE_METHOD_MATCH = YES;
				CODE_SIGN_IDENTITY = "iPhone Developer";
				COPY_PHASE_STRIP = NO;
				DEBUG_INFORMATION_FORMAT = dwarf;
				ENABLE_STRICT_OBJC_MSGSEND = YES;
				ENABLE_TESTABILITY = YES;
				GCC_C_LANGUAGE_STANDARD = gnu11;
				GCC_DYNAMIC_NO_PIC = NO;
				GCC_NO_COMMON_BLOCKS = YES;
				GCC_OPTIMIZATION_LEVEL = 0;
				GCC_PREPROCESSOR_DEFINITIONS = (
					"DEBUG=1",
					"$(inherited)",
				);
				GCC_WARN_64_TO_32_BIT_CONVERSION = YES;
				GCC_WARN_ABOUT_RETURN_TYPE = YES_ERROR;
				GCC_WARN_UNDECLARED_SELECTOR = YES;
				GCC_WARN_UNINITIALIZED_AUTOS = YES_AGGRESSIVE;
				GCC_WARN_UNUSED_FUNCTION = YES;
				GCC_WARN_UNUSED_VARIABLE = YES;
				IPHONEOS_DEPLOYMENT_TARGET = 11.0;
				MTL_ENABLE_DEBUG_INFO = YES;
				ONLY_ACTIVE_ARCH = YES;
				SDKROOT = iphoneos;
				SWIFT_ACTIVE_COMPILATION_CONDITIONS = DEBUG;
				SWIFT_OPTIMIZATION_LEVEL = "-Onone";
			};
			name = Debug;
		};
		208CCA8A1F7F322400DD82AB /* Release */ = {
			isa = XCBuildConfiguration;
			buildSettings = {
				ALWAYS_SEARCH_USER_PATHS = NO;
				CLANG_ANALYZER_NONNULL = YES;
				CLANG_ANALYZER_NUMBER_OBJECT_CONVERSION = YES_AGGRESSIVE;
				CLANG_CXX_LANGUAGE_STANDARD = "gnu++14";
				CLANG_CXX_LIBRARY = "libc++";
				CLANG_ENABLE_MODULES = YES;
				CLANG_ENABLE_OBJC_ARC = YES;
				CLANG_WARN_BLOCK_CAPTURE_AUTORELEASING = YES;
				CLANG_WARN_BOOL_CONVERSION = YES;
				CLANG_WARN_COMMA = YES;
				CLANG_WARN_CONSTANT_CONVERSION = YES;
				CLANG_WARN_DIRECT_OBJC_ISA_USAGE = YES_ERROR;
				CLANG_WARN_DOCUMENTATION_COMMENTS = YES;
				CLANG_WARN_EMPTY_BODY = YES;
				CLANG_WARN_ENUM_CONVERSION = YES;
				CLANG_WARN_INFINITE_RECURSION = YES;
				CLANG_WARN_INT_CONVERSION = YES;
				CLANG_WARN_NON_LITERAL_NULL_CONVERSION = YES;
				CLANG_WARN_OBJC_LITERAL_CONVERSION = YES;
				CLANG_WARN_OBJC_ROOT_CLASS = YES_ERROR;
				CLANG_WARN_RANGE_LOOP_ANALYSIS = YES;
				CLANG_WARN_STRICT_PROTOTYPES = YES;
				CLANG_WARN_SUSPICIOUS_MOVE = YES;
				CLANG_WARN_UNGUARDED_AVAILABILITY = YES_AGGRESSIVE;
				CLANG_WARN_UNREACHABLE_CODE = YES;
				CLANG_WARN__DUPLICATE_METHOD_MATCH = YES;
				CODE_SIGN_IDENTITY = "iPhone Developer";
				COPY_PHASE_STRIP = NO;
				DEBUG_INFORMATION_FORMAT = "dwarf-with-dsym";
				ENABLE_NS_ASSERTIONS = NO;
				ENABLE_STRICT_OBJC_MSGSEND = YES;
				GCC_C_LANGUAGE_STANDARD = gnu11;
				GCC_NO_COMMON_BLOCKS = YES;
				GCC_WARN_64_TO_32_BIT_CONVERSION = YES;
				GCC_WARN_ABOUT_RETURN_TYPE = YES_ERROR;
				GCC_WARN_UNDECLARED_SELECTOR = YES;
				GCC_WARN_UNINITIALIZED_AUTOS = YES_AGGRESSIVE;
				GCC_WARN_UNUSED_FUNCTION = YES;
				GCC_WARN_UNUSED_VARIABLE = YES;
				IPHONEOS_DEPLOYMENT_TARGET = 11.0;
				MTL_ENABLE_DEBUG_INFO = NO;
				SDKROOT = iphoneos;
				SWIFT_OPTIMIZATION_LEVEL = "-Owholemodule";
				VALIDATE_PRODUCT = YES;
			};
			name = Release;
		};
		208CCA8C1F7F322400DD82AB /* Debug */ = {
			isa = XCBuildConfiguration;
			buildSettings = {
				ASSETCATALOG_COMPILER_APPICON_NAME = AppIcon;
				CODE_SIGN_STYLE = Automatic;
				DEVELOPMENT_TEAM = CN7G7TCUME;
				INFOPLIST_FILE = ARKit_Ship_Demo/Info.plist;
				LD_RUNPATH_SEARCH_PATHS = "$(inherited) @executable_path/Frameworks";
				PRODUCT_BUNDLE_IDENTIFIER = "net.simplyformed2.ARKit-Ship-Demo";
				PRODUCT_NAME = "$(TARGET_NAME)";
				SWIFT_VERSION = 3.0;
				TARGETED_DEVICE_FAMILY = "1,2";
			};
			name = Debug;
		};
		208CCA8D1F7F322400DD82AB /* Release */ = {
			isa = XCBuildConfiguration;
			buildSettings = {
				ASSETCATALOG_COMPILER_APPICON_NAME = AppIcon;
				CODE_SIGN_STYLE = Automatic;
				DEVELOPMENT_TEAM = CN7G7TCUME;
				INFOPLIST_FILE = ARKit_Ship_Demo/Info.plist;
				LD_RUNPATH_SEARCH_PATHS = "$(inherited) @executable_path/Frameworks";
				PRODUCT_BUNDLE_IDENTIFIER = "net.simplyformed2.ARKit-Ship-Demo";
				PRODUCT_NAME = "$(TARGET_NAME)";
				SWIFT_VERSION = 3.0;
				TARGETED_DEVICE_FAMILY = "1,2";
			};
			name = Release;
		};
/* End XCBuildConfiguration section */

/* Begin XCConfigurationList section */
		208CCA721F7F322400DD82AB /* Build configuration list for PBXProject "ARKit_Ship_Demo" */ = {
			isa = XCConfigurationList;
			buildConfigurations = (
				208CCA891F7F322400DD82AB /* Debug */,
				208CCA8A1F7F322400DD82AB /* Release */,
			);
			defaultConfigurationIsVisible = 0;
			defaultConfigurationName = Release;
		};
		208CCA8B1F7F322400DD82AB /* Build configuration list for PBXNativeTarget "ARKit_Ship_Demo" */ = {
			isa = XCConfigurationList;
			buildConfigurations = (
				208CCA8C1F7F322400DD82AB /* Debug */,
				208CCA8D1F7F322400DD82AB /* Release */,
			);
			defaultConfigurationIsVisible = 0;
			defaultConfigurationName = Release;
		};
/* End XCConfigurationList section */
	};
	rootObject = 208CCA6F1F7F322400DD82AB /* Project object */;
}
