// !$*UTF8*$!
{
	archiveVersion = 1;
	classes = {
	};
	objectVersion = 48;
	objects = {

/* Begin PBXBuildFile section */
		2034135A1F805BB400151F8C /* AppDelegate.swift in Sources */ = {isa = PBXBuildFile; fileRef = 203413591F805BB400151F8C /* AppDelegate.swift */; };
		2034135C1F805BB400151F8C /* art.scnassets in Resources */ = {isa = PBXBuildFile; fileRef = 2034135B1F805BB400151F8C /* art.scnassets */; };
		2034135E1F805BB400151F8C /* ViewController.swift in Sources */ = {isa = PBXBuildFile; fileRef = 2034135D1F805BB400151F8C /* ViewController.swift */; };
		203413611F805BB400151F8C /* Main.storyboard in Resources */ = {isa = PBXBuildFile; fileRef = 2034135F1F805BB400151F8C /* Main.storyboard */; };
		203413631F805BB400151F8C /* Assets.xcassets in Resources */ = {isa = PBXBuildFile; fileRef = 203413621F805BB400151F8C /* Assets.xcassets */; };
		203413661F805BB400151F8C /* LaunchScreen.storyboard in Resources */ = {isa = PBXBuildFile; fileRef = 203413641F805BB400151F8C /* LaunchScreen.storyboard */; };
/* End PBXBuildFile section */

/* Begin PBXFileReference section */
		203413561F805BB400151F8C /* TestSceneKitAR.app */ = {isa = PBXFileReference; explicitFileType = wrapper.application; includeInIndex = 0; path = TestSceneKitAR.app; sourceTree = BUILT_PRODUCTS_DIR; };
		203413591F805BB400151F8C /* AppDelegate.swift */ = {isa = PBXFileReference; lastKnownFileType = sourcecode.swift; path = AppDelegate.swift; sourceTree = "<group>"; };
		2034135B1F805BB400151F8C /* art.scnassets */ = {isa = PBXFileReference; lastKnownFileType = wrapper.scnassets; path = art.scnassets; sourceTree = "<group>"; };
		2034135D1F805BB400151F8C /* ViewController.swift */ = {isa = PBXFileReference; lastKnownFileType = sourcecode.swift; path = ViewController.swift; sourceTree = "<group>"; };
		203413601F805BB400151F8C /* Base */ = {isa = PBXFileReference; lastKnownFileType = file.storyboard; name = Base; path = Base.lproj/Main.storyboard; sourceTree = "<group>"; };
		203413621F805BB400151F8C /* Assets.xcassets */ = {isa = PBXFileReference; lastKnownFileType = folder.assetcatalog; path = Assets.xcassets; sourceTree = "<group>"; };
		203413651F805BB400151F8C /* Base */ = {isa = PBXFileReference; lastKnownFileType = file.storyboard; name = Base; path = Base.lproj/LaunchScreen.storyboard; sourceTree = "<group>"; };
		203413671F805BB400151F8C /* Info.plist */ = {isa = PBXFileReference; lastKnownFileType = text.plist.xml; path = Info.plist; sourceTree = "<group>"; };
/* End PBXFileReference section */

/* Begin PBXFrameworksBuildPhase section */
		203413531F805BB400151F8C /* Frameworks */ = {
			isa = PBXFrameworksBuildPhase;
			buildActionMask = 2147483647;
			files = (
			);
			runOnlyForDeploymentPostprocessing = 0;
		};
/* End PBXFrameworksBuildPhase section */

/* Begin PBXGroup section */
		2034134D1F805BB400151F8C = {
			isa = PBXGroup;
			children = (
				203413581F805BB400151F8C /* TestSceneKitAR */,
				203413571F805BB400151F8C /* Products */,
			);
			sourceTree = "<group>";
		};
		203413571F805BB400151F8C /* Products */ = {
			isa = PBXGroup;
			children = (
				203413561F805BB400151F8C /* TestSceneKitAR.app */,
			);
			name = Products;
			sourceTree = "<group>";
		};
		203413581F805BB400151F8C /* TestSceneKitAR */ = {
			isa = PBXGroup;
			children = (
				203413591F805BB400151F8C /* AppDelegate.swift */,
				2034135B1F805BB400151F8C /* art.scnassets */,
				2034135D1F805BB400151F8C /* ViewController.swift */,
				2034135F1F805BB400151F8C /* Main.storyboard */,
				203413621F805BB400151F8C /* Assets.xcassets */,
				203413641F805BB400151F8C /* LaunchScreen.storyboard */,
				203413671F805BB400151F8C /* Info.plist */,
			);
			path = TestSceneKitAR;
			sourceTree = "<group>";
		};
/* End PBXGroup section */

/* Begin PBXNativeTarget section */
		203413551F805BB400151F8C /* TestSceneKitAR */ = {
			isa = PBXNativeTarget;
			buildConfigurationList = 2034136A1F805BB400151F8C /* Build configuration list for PBXNativeTarget "TestSceneKitAR" */;
			buildPhases = (
				203413521F805BB400151F8C /* Sources */,
				203413531F805BB400151F8C /* Frameworks */,
				203413541F805BB400151F8C /* Resources */,
			);
			buildRules = (
			);
			dependencies = (
			);
			name = TestSceneKitAR;
			productName = TestSceneKitAR;
			productReference = 203413561F805BB400151F8C /* TestSceneKitAR.app */;
			productType = "com.apple.product-type.application";
		};
/* End PBXNativeTarget section */

/* Begin PBXProject section */
		2034134E1F805BB400151F8C /* Project object */ = {
			isa = PBXProject;
			attributes = {
				LastSwiftUpdateCheck = 0910;
				LastUpgradeCheck = 0910;
				ORGANIZATIONNAME = "Rob Reuss";
				TargetAttributes = {
					203413551F805BB400151F8C = {
						CreatedOnToolsVersion = 9.1;
						ProvisioningStyle = Automatic;
					};
				};
			};
			buildConfigurationList = 203413511F805BB400151F8C /* Build configuration list for PBXProject "TestSceneKitAR" */;
			compatibilityVersion = "Xcode 8.0";
			developmentRegion = en;
			hasScannedForEncodings = 0;
			knownRegions = (
				en,
				Base,
			);
			mainGroup = 2034134D1F805BB400151F8C;
			productRefGroup = 203413571F805BB400151F8C /* Products */;
			projectDirPath = "";
			projectRoot = "";
			targets = (
				203413551F805BB400151F8C /* TestSceneKitAR */,
			);
		};
/* End PBXProject section */

/* Begin PBXResourcesBuildPhase section */
		203413541F805BB400151F8C /* Resources */ = {
			isa = PBXResourcesBuildPhase;
			buildActionMask = 2147483647;
			files = (
				2034135C1F805BB400151F8C /* art.scnassets in Resources */,
				203413661F805BB400151F8C /* LaunchScreen.storyboard in Resources */,
				203413631F805BB400151F8C /* Assets.xcassets in Resources */,
				203413611F805BB400151F8C /* Main.storyboard in Resources */,
			);
			runOnlyForDeploymentPostprocessing = 0;
		};
/* End PBXResourcesBuildPhase section */

/* Begin PBXSourcesBuildPhase section */
		203413521F805BB400151F8C /* Sources */ = {
			isa = PBXSourcesBuildPhase;
			buildActionMask = 2147483647;
			files = (
				2034135E1F805BB400151F8C /* ViewController.swift in Sources */,
				2034135A1F805BB400151F8C /* AppDelegate.swift in Sources */,
			);
			runOnlyForDeploymentPostprocessing = 0;
		};
/* End PBXSourcesBuildPhase section */

/* Begin PBXVariantGroup section */
		2034135F1F805BB400151F8C /* Main.storyboard */ = {
			isa = PBXVariantGroup;
			children = (
				203413601F805BB400151F8C /* Base */,
			);
			name = Main.storyboard;
			sourceTree = "<group>";
		};
		203413641F805BB400151F8C /* LaunchScreen.storyboard */ = {
			isa = PBXVariantGroup;
			children = (
				203413651F805BB400151F8C /* Base */,
			);
			name = LaunchScreen.storyboard;
			sourceTree = "<group>";
		};
/* End PBXVariantGroup section */

/* Begin XCBuildConfiguration section */
		203413681F805BB400151F8C /* Debug */ = {
			isa = XCBuildConfiguration;
			buildSettings = {
				ALWAYS_SEARCH_USER_PATHS = NO;
				CLANG_ANALYZER_NONNULL = YES;
				CLANG_ANALYZER_NUMBER_OBJECT_CONVERSION = YES_AGGRESSIVE;
				CLANG_CXX_LANGUAGE_STANDARD = "gnu++14";
				CLANG_CXX_LIBRARY = "libc++";
				CLANG_ENABLE_MODULES = YES;
				CLANG_ENABLE_OBJC_ARC = YES;
				CLANG_WARN_BLOCK_CAPTURE_AUTORELEASING = YES;
				CLANG_WARN_BOOL_CONVERSION = YES;
				CLANG_WARN_COMMA = YES;
				CLANG_WARN_CONSTANT_CONVERSION = YES;
				CLANG_WARN_DIRECT_OBJC_ISA_USAGE = YES_ERROR;
				CLANG_WARN_DOCUMENTATION_COMMENTS = YES;
				CLANG_WARN_EMPTY_BODY = YES;
				CLANG_WARN_ENUM_CONVERSION = YES;
				CLANG_WARN_INFINITE_RECURSION = YES;
				CLANG_WARN_INT_CONVERSION = YES;
				CLANG_WARN_NON_LITERAL_NULL_CONVERSION = YES;
				CLANG_WARN_OBJC_LITERAL_CONVERSION = YES;
				CLANG_WARN_OBJC_ROOT_CLASS = YES_ERROR;
				CLANG_WARN_RANGE_LOOP_ANALYSIS = YES;
				CLANG_WARN_STRICT_PROTOTYPES = YES;
				CLANG_WARN_SUSPICIOUS_MOVE = YES;
				CLANG_WARN_UNGUARDED_AVAILABILITY = YES_AGGRESSIVE;
				CLANG_WARN_UNREACHABLE_CODE = YES;
				CLANG_WARN__DUPLICATE_METHOD_MATCH = YES;
				CODE_SIGN_IDENTITY = "iPhone Developer";
				COPY_PHASE_STRIP = NO;
				DEBUG_INFORMATION_FORMAT = dwarf;
				ENABLE_STRICT_OBJC_MSGSEND = YES;
				ENABLE_TESTABILITY = YES;
				GCC_C_LANGUAGE_STANDARD = gnu11;
				GCC_DYNAMIC_NO_PIC = NO;
				GCC_NO_COMMON_BLOCKS = YES;
				GCC_OPTIMIZATION_LEVEL = 0;
				GCC_PREPROCESSOR_DEFINITIONS = (
					"DEBUG=1",
					"$(inherited)",
				);
				GCC_WARN_64_TO_32_BIT_CONVERSION = YES;
				GCC_WARN_ABOUT_RETURN_TYPE = YES_ERROR;
				GCC_WARN_UNDECLARED_SELECTOR = YES;
				GCC_WARN_UNINITIALIZED_AUTOS = YES_AGGRESSIVE;
				GCC_WARN_UNUSED_FUNCTION = YES;
				GCC_WARN_UNUSED_VARIABLE = YES;
				IPHONEOS_DEPLOYMENT_TARGET = 11.1;
				MTL_ENABLE_DEBUG_INFO = YES;
				ONLY_ACTIVE_ARCH = YES;
				SDKROOT = iphoneos;
				SWIFT_ACTIVE_COMPILATION_CONDITIONS = DEBUG;
				SWIFT_OPTIMIZATION_LEVEL = "-Onone";
			};
			name = Debug;
		};
		203413691F805BB400151F8C /* Release */ = {
			isa = XCBuildConfiguration;
			buildSettings = {
				ALWAYS_SEARCH_USER_PATHS = NO;
				CLANG_ANALYZER_NONNULL = YES;
				CLANG_ANALYZER_NUMBER_OBJECT_CONVERSION = YES_AGGRESSIVE;
				CLANG_CXX_LANGUAGE_STANDARD = "gnu++14";
				CLANG_CXX_LIBRARY = "libc++";
				CLANG_ENABLE_MODULES = YES;
				CLANG_ENABLE_OBJC_ARC = YES;
				CLANG_WARN_BLOCK_CAPTURE_AUTORELEASING = YES;
				CLANG_WARN_BOOL_CONVERSION = YES;
				CLANG_WARN_COMMA = YES;
				CLANG_WARN_CONSTANT_CONVERSION = YES;
				CLANG_WARN_DIRECT_OBJC_ISA_USAGE = YES_ERROR;
				CLANG_WARN_DOCUMENTATION_COMMENTS = YES;
				CLANG_WARN_EMPTY_BODY = YES;
				CLANG_WARN_ENUM_CONVERSION = YES;
				CLANG_WARN_INFINITE_RECURSION = YES;
				CLANG_WARN_INT_CONVERSION = YES;
				CLANG_WARN_NON_LITERAL_NULL_CONVERSION = YES;
				CLANG_WARN_OBJC_LITERAL_CONVERSION = YES;
				CLANG_WARN_OBJC_ROOT_CLASS = YES_ERROR;
				CLANG_WARN_RANGE_LOOP_ANALYSIS = YES;
				CLANG_WARN_STRICT_PROTOTYPES = YES;
				CLANG_WARN_SUSPICIOUS_MOVE = YES;
				CLANG_WARN_UNGUARDED_AVAILABILITY = YES_AGGRESSIVE;
				CLANG_WARN_UNREACHABLE_CODE = YES;
				CLANG_WARN__DUPLICATE_METHOD_MATCH = YES;
				CODE_SIGN_IDENTITY = "iPhone Developer";
				COPY_PHASE_STRIP = NO;
				DEBUG_INFORMATION_FORMAT = "dwarf-with-dsym";
				ENABLE_NS_ASSERTIONS = NO;
				ENABLE_STRICT_OBJC_MSGSEND = YES;
				GCC_C_LANGUAGE_STANDARD = gnu11;
				GCC_NO_COMMON_BLOCKS = YES;
				GCC_WARN_64_TO_32_BIT_CONVERSION = YES;
				GCC_WARN_ABOUT_RETURN_TYPE = YES_ERROR;
				GCC_WARN_UNDECLARED_SELECTOR = YES;
				GCC_WARN_UNINITIALIZED_AUTOS = YES_AGGRESSIVE;
				GCC_WARN_UNUSED_FUNCTION = YES;
				GCC_WARN_UNUSED_VARIABLE = YES;
				IPHONEOS_DEPLOYMENT_TARGET = 11.1;
				MTL_ENABLE_DEBUG_INFO = NO;
				SDKROOT = iphoneos;
				SWIFT_OPTIMIZATION_LEVEL = "-Owholemodule";
				VALIDATE_PRODUCT = YES;
			};
			name = Release;
		};
		2034136B1F805BB400151F8C /* Debug */ = {
			isa = XCBuildConfiguration;
			buildSettings = {
				ASSETCATALOG_COMPILER_APPICON_NAME = AppIcon;
				CODE_SIGN_STYLE = Automatic;
				DEVELOPMENT_TEAM = CN7G7TCUME;
				INFOPLIST_FILE = TestSceneKitAR/Info.plist;
				LD_RUNPATH_SEARCH_PATHS = "$(inherited) @executable_path/Frameworks";
				PRODUCT_BUNDLE_IDENTIFIER = net.simplyformed.TestSceneKitAR;
				PRODUCT_NAME = "$(TARGET_NAME)";
				SWIFT_VERSION = 4.0;
				TARGETED_DEVICE_FAMILY = "1,2";
			};
			name = Debug;
		};
		2034136C1F805BB400151F8C /* Release */ = {
			isa = XCBuildConfiguration;
			buildSettings = {
				ASSETCATALOG_COMPILER_APPICON_NAME = AppIcon;
				CODE_SIGN_STYLE = Automatic;
				DEVELOPMENT_TEAM = CN7G7TCUME;
				INFOPLIST_FILE = TestSceneKitAR/Info.plist;
				LD_RUNPATH_SEARCH_PATHS = "$(inherited) @executable_path/Frameworks";
				PRODUCT_BUNDLE_IDENTIFIER = net.simplyformed.TestSceneKitAR;
				PRODUCT_NAME = "$(TARGET_NAME)";
				SWIFT_VERSION = 4.0;
				TARGETED_DEVICE_FAMILY = "1,2";
			};
			name = Release;
		};
/* End XCBuildConfiguration section */

/* Begin XCConfigurationList section */
		203413511F805BB400151F8C /* Build configuration list for PBXProject "TestSceneKitAR" */ = {
			isa = XCConfigurationList;
			buildConfigurations = (
				203413681F805BB400151F8C /* Debug */,
				203413691F805BB400151F8C /* Release */,
			);
			defaultConfigurationIsVisible = 0;
			defaultConfigurationName = Release;
		};
		2034136A1F805BB400151F8C /* Build configuration list for PBXNativeTarget "TestSceneKitAR" */ = {
			isa = XCConfigurationList;
			buildConfigurations = (
				2034136B1F805BB400151F8C /* Debug */,
				2034136C1F805BB400151F8C /* Release */,
			);
			defaultConfigurationIsVisible = 0;
			defaultConfigurationName = Release;
		};
/* End XCConfigurationList section */
	};
	rootObject = 2034134E1F805BB400151F8C /* Project object */;
}
